{
  "originHash" : "d51d92f183157f6ab154c6c433c9ae35a1681aee0b8e21ce668a26456af19f00",
  "pins" : [
    {
      "identity" : "codexappserverkit",
      "kind" : "remoteSourceControl",
      "location" : "https://github.com/pardeike/CodexAppServerKit.git",
      "state" : {
        "branch" : "main",
        "revision" : "8cc89fd04566afea632eb10b018b3547406841f2"
      }
    }
  ],
  "version" : 3
}
