{
  "originHash" : "16bf2b3897214b986ec2974eb7325930433e0d7a32bf08559754fa5cc38f2e0a",
  "pins" : [
    {
      "identity" : "tokenusageforecast",
      "kind" : "remoteSourceControl",
      "location" : "https://github.com/pardeike/TokenUsageForecast.git",
      "state" : {
        "revision" : "7ab53b2b188bd774b9562cfba94de7ae9a2c6cbf",
        "version" : "1.1.0"
      }
    }
  ],
  "version" : 3
}
